// !$*UTF8*$!
{
	archiveVersion = 1;
	classes = {
	};
	objectVersion = 56;
	objects = {

/* Begin PBXBuildFile section */
		5AD4A3332BAE6B7500E2289A /* RealityKitContent in Frameworks */ = {isa = PBXBuildFile; productRef = 5AD4A3322BAE6B7500E2289A /* RealityKitContent */; };
		5AD4A3352BAE6B7500E2289A /* met_artApp.swift in Sources */ = {isa = PBXBuildFile; fileRef = 5AD4A3342BAE6B7500E2289A /* met_artApp.swift */; };
		5AD4A3372BAE6B7500E2289A /* ContentView.swift in Sources */ = {isa = PBXBuildFile; fileRef = 5AD4A3362BAE6B7500E2289A /* ContentView.swift */; };
		5AD4A3392BAE6B7500E2289A /* ImmersiveView.swift in Sources */ = {isa = PBXBuildFile; fileRef = 5AD4A3382BAE6B7500E2289A /* ImmersiveView.swift */; };
		5AD4A33B2BAE6B7800E2289A /* Assets.xcassets in Resources */ = {isa = PBXBuildFile; fileRef = 5AD4A33A2BAE6B7800E2289A /* Assets.xcassets */; };
		5AD4A33E2BAE6B7800E2289A /* Preview Assets.xcassets in Resources */ = {isa = PBXBuildFile; fileRef = 5AD4A33D2BAE6B7800E2289A /* Preview Assets.xcassets */; };
		5AD4A3492BAE6B7800E2289A /* met_artTests.swift in Sources */ = {isa = PBXBuildFile; fileRef = 5AD4A3482BAE6B7800E2289A /* met_artTests.swift */; };
		5AD4A3532BAE737200E2289A /* departments.json in Resources */ = {isa = PBXBuildFile; fileRef = 5AD4A3522BAE737200E2289A /* departments.json */; };
		5AD4A3552BAE739800E2289A /* urls in Resources */ = {isa = PBXBuildFile; fileRef = 5AD4A3542BAE739800E2289A /* urls */; };
		5AD4A3592BAE7A2F00E2289A /* Department.swift in Sources */ = {isa = PBXBuildFile; fileRef = 5AD4A3582BAE7A2F00E2289A /* Department.swift */; };
		5AD4A35B2BAE867400E2289A /* DepartmentView.swift in Sources */ = {isa = PBXBuildFile; fileRef = 5AD4A35A2BAE867400E2289A /* DepartmentView.swift */; };
		5AD4A35D2BAEA98D00E2289A /* DepartmentViewModel.swift in Sources */ = {isa = PBXBuildFile; fileRef = 5AD4A35C2BAEA98D00E2289A /* DepartmentViewModel.swift */; };
		5AD4A35F2BAF445600E2289A /* ArtListView.swift in Sources */ = {isa = PBXBuildFile; fileRef = 5AD4A35E2BAF445600E2289A /* ArtListView.swift */; };
		5AD4A3612BAF4D2C00E2289A /* ArtListViewModel.swift in Sources */ = {isa = PBXBuildFile; fileRef = 5AD4A3602BAF4D2C00E2289A /* ArtListViewModel.swift */; };
		5AD4A3632BAF50A200E2289A /* ObjectList.swift in Sources */ = {isa = PBXBuildFile; fileRef = 5AD4A3622BAF50A200E2289A /* ObjectList.swift */; };
		5AD4A3652BAF527800E2289A /* Artwork.swift in Sources */ = {isa = PBXBuildFile; fileRef = 5AD4A3642BAF527800E2289A /* Artwork.swift */; };
		5AD4A3672BAF57AB00E2289A /* AsyncImageView.swift in Sources */ = {isa = PBXBuildFile; fileRef = 5AD4A3662BAF57AB00E2289A /* AsyncImageView.swift */; };
		5AD4A36A2BAF73B200E2289A /* MeasurementHelper.swift in Sources */ = {isa = PBXBuildFile; fileRef = 5AD4A3692BAF73B200E2289A /* MeasurementHelper.swift */; };
		5AD4A36C2BB12CA700E2289A /* HackerNewsView.swift in Sources */ = {isa = PBXBuildFile; fileRef = 5AD4A36B2BB12CA700E2289A /* HackerNewsView.swift */; };
		5AD4A36E2BB12CC800E2289A /* HackerNewsViewModel.swift in Sources */ = {isa = PBXBuildFile; fileRef = 5AD4A36D2BB12CC800E2289A /* HackerNewsViewModel.swift */; };
		5AD4A3702BB12D1500E2289A /* Story.swift in Sources */ = {isa = PBXBuildFile; fileRef = 5AD4A36F2BB12D1500E2289A /* Story.swift */; };
		5AD4A3722BB12D5A00E2289A /* API.swift in Sources */ = {isa = PBXBuildFile; fileRef = 5AD4A3712BB12D5A00E2289A /* API.swift */; };
/* End PBXBuildFile section */

/* Begin PBXContainerItemProxy section */
		5AD4A3452BAE6B7800E2289A /* PBXContainerItemProxy */ = {
			isa = PBXContainerItemProxy;
			containerPortal = 5AD4A3252BAE6B7500E2289A /* Project object */;
			proxyType = 1;
			remoteGlobalIDString = 5AD4A32C2BAE6B7500E2289A;
			remoteInfo = met_art;
		};
/* End PBXContainerItemProxy section */

/* Begin PBXFileReference section */
		5AD4A32D2BAE6B7500E2289A /* met_art.app */ = {isa = PBXFileReference; explicitFileType = wrapper.application; includeInIndex = 0; path = met_art.app; sourceTree = BUILT_PRODUCTS_DIR; };
		5AD4A3312BAE6B7500E2289A /* RealityKitContent */ = {isa = PBXFileReference; lastKnownFileType = wrapper; path = RealityKitContent; sourceTree = "<group>"; };
		5AD4A3342BAE6B7500E2289A /* met_artApp.swift */ = {isa = PBXFileReference; lastKnownFileType = sourcecode.swift; path = met_artApp.swift; sourceTree = "<group>"; };
		5AD4A3362BAE6B7500E2289A /* ContentView.swift */ = {isa = PBXFileReference; lastKnownFileType = sourcecode.swift; path = ContentView.swift; sourceTree = "<group>"; };
		5AD4A3382BAE6B7500E2289A /* ImmersiveView.swift */ = {isa = PBXFileReference; lastKnownFileType = sourcecode.swift; path = ImmersiveView.swift; sourceTree = "<group>"; };
		5AD4A33A2BAE6B7800E2289A /* Assets.xcassets */ = {isa = PBXFileReference; lastKnownFileType = folder.assetcatalog; path = Assets.xcassets; sourceTree = "<group>"; };
		5AD4A33D2BAE6B7800E2289A /* Preview Assets.xcassets */ = {isa = PBXFileReference; lastKnownFileType = folder.assetcatalog; path = "Preview Assets.xcassets"; sourceTree = "<group>"; };
		5AD4A33F2BAE6B7800E2289A /* Info.plist */ = {isa = PBXFileReference; lastKnownFileType = text.plist.xml; path = Info.plist; sourceTree = "<group>"; };
		5AD4A3442BAE6B7800E2289A /* met_artTests.xctest */ = {isa = PBXFileReference; explicitFileType = wrapper.cfbundle; includeInIndex = 0; path = met_artTests.xctest; sourceTree = BUILT_PRODUCTS_DIR; };
		5AD4A3482BAE6B7800E2289A /* met_artTests.swift */ = {isa = PBXFileReference; lastKnownFileType = sourcecode.swift; path = met_artTests.swift; sourceTree = "<group>"; };
		5AD4A3522BAE737200E2289A /* departments.json */ = {isa = PBXFileReference; fileEncoding = 4; lastKnownFileType = text.json; path = departments.json; sourceTree = "<group>"; };
		5AD4A3542BAE739800E2289A /* urls */ = {isa = PBXFileReference; lastKnownFileType = text; path = urls; sourceTree = "<group>"; };
		5AD4A3582BAE7A2F00E2289A /* Department.swift */ = {isa = PBXFileReference; lastKnownFileType = sourcecode.swift; path = Department.swift; sourceTree = "<group>"; };
		5AD4A35A2BAE867400E2289A /* DepartmentView.swift */ = {isa = PBXFileReference; lastKnownFileType = sourcecode.swift; path = DepartmentView.swift; sourceTree = "<group>"; };
		5AD4A35C2BAEA98D00E2289A /* DepartmentViewModel.swift */ = {isa = PBXFileReference; lastKnownFileType = sourcecode.swift; path = DepartmentViewModel.swift; sourceTree = "<group>"; };
		5AD4A35E2BAF445600E2289A /* ArtListView.swift */ = {isa = PBXFileReference; lastKnownFileType = sourcecode.swift; path = ArtListView.swift; sourceTree = "<group>"; };
		5AD4A3602BAF4D2C00E2289A /* ArtListViewModel.swift */ = {isa = PBXFileReference; lastKnownFileType = sourcecode.swift; path = ArtListViewModel.swift; sourceTree = "<group>"; };
		5AD4A3622BAF50A200E2289A /* ObjectList.swift */ = {isa = PBXFileReference; lastKnownFileType = sourcecode.swift; path = ObjectList.swift; sourceTree = "<group>"; };
		5AD4A3642BAF527800E2289A /* Artwork.swift */ = {isa = PBXFileReference; lastKnownFileType = sourcecode.swift; path = Artwork.swift; sourceTree = "<group>"; };
		5AD4A3662BAF57AB00E2289A /* AsyncImageView.swift */ = {isa = PBXFileReference; lastKnownFileType = sourcecode.swift; path = AsyncImageView.swift; sourceTree = "<group>"; };
		5AD4A3692BAF73B200E2289A /* MeasurementHelper.swift */ = {isa = PBXFileReference; lastKnownFileType = sourcecode.swift; path = MeasurementHelper.swift; sourceTree = "<group>"; };
		5AD4A36B2BB12CA700E2289A /* HackerNewsView.swift */ = {isa = PBXFileReference; lastKnownFileType = sourcecode.swift; path = HackerNewsView.swift; sourceTree = "<group>"; };
		5AD4A36D2BB12CC800E2289A /* HackerNewsViewModel.swift */ = {isa = PBXFileReference; lastKnownFileType = sourcecode.swift; path = HackerNewsViewModel.swift; sourceTree = "<group>"; };
		5AD4A36F2BB12D1500E2289A /* Story.swift */ = {isa = PBXFileReference; lastKnownFileType = sourcecode.swift; path = Story.swift; sourceTree = "<group>"; };
		5AD4A3712BB12D5A00E2289A /* API.swift */ = {isa = PBXFileReference; lastKnownFileType = sourcecode.swift; path = API.swift; sourceTree = "<group>"; };
/* End PBXFileReference section */

/* Begin PBXFrameworksBuildPhase section */
		5AD4A32A2BAE6B7500E2289A /* Frameworks */ = {
			isa = PBXFrameworksBuildPhase;
			buildActionMask = 2147483647;
			files = (
				5AD4A3332BAE6B7500E2289A /* RealityKitContent in Frameworks */,
			);
			runOnlyForDeploymentPostprocessing = 0;
		};
		5AD4A3412BAE6B7800E2289A /* Frameworks */ = {
			isa = PBXFrameworksBuildPhase;
			buildActionMask = 2147483647;
			files = (
			);
			runOnlyForDeploymentPostprocessing = 0;
		};
/* End PBXFrameworksBuildPhase section */

/* Begin PBXGroup section */
		5AD4A3242BAE6B7500E2289A = {
			isa = PBXGroup;
			children = (
				5AD4A32F2BAE6B7500E2289A /* met_art */,
				5AD4A3302BAE6B7500E2289A /* Packages */,
				5AD4A3472BAE6B7800E2289A /* met_artTests */,
				5AD4A32E2BAE6B7500E2289A /* Products */,
			);
			sourceTree = "<group>";
		};
		5AD4A32E2BAE6B7500E2289A /* Products */ = {
			isa = PBXGroup;
			children = (
				5AD4A32D2BAE6B7500E2289A /* met_art.app */,
				5AD4A3442BAE6B7800E2289A /* met_artTests.xctest */,
			);
			name = Products;
			sourceTree = "<group>";
		};
		5AD4A32F2BAE6B7500E2289A /* met_art */ = {
			isa = PBXGroup;
			children = (
				5AD4A3682BAF57E800E2289A /* Views */,
				5AD4A3522BAE737200E2289A /* departments.json */,
				5AD4A3342BAE6B7500E2289A /* met_artApp.swift */,
				5AD4A3582BAE7A2F00E2289A /* Department.swift */,
				5AD4A3642BAF527800E2289A /* Artwork.swift */,
				5AD4A3622BAF50A200E2289A /* ObjectList.swift */,
				5AD4A35A2BAE867400E2289A /* DepartmentView.swift */,
				5AD4A36D2BB12CC800E2289A /* HackerNewsViewModel.swift */,
				5AD4A3602BAF4D2C00E2289A /* ArtListViewModel.swift */,
				5AD4A35C2BAEA98D00E2289A /* DepartmentViewModel.swift */,
				5AD4A33A2BAE6B7800E2289A /* Assets.xcassets */,
				5AD4A33F2BAE6B7800E2289A /* Info.plist */,
				5AD4A33C2BAE6B7800E2289A /* Preview Content */,
				5AD4A3542BAE739800E2289A /* urls */,
				5AD4A3692BAF73B200E2289A /* MeasurementHelper.swift */,
				5AD4A36F2BB12D1500E2289A /* Story.swift */,
				5AD4A3712BB12D5A00E2289A /* API.swift */,
			);
			path = met_art;
			sourceTree = "<group>";
		};
		5AD4A3302BAE6B7500E2289A /* Packages */ = {
			isa = PBXGroup;
			children = (
				5AD4A3312BAE6B7500E2289A /* RealityKitContent */,
			);
			path = Packages;
			sourceTree = "<group>";
		};
		5AD4A33C2BAE6B7800E2289A /* Preview Content */ = {
			isa = PBXGroup;
			children = (
				5AD4A33D2BAE6B7800E2289A /* Preview Assets.xcassets */,
			);
			path = "Preview Content";
			sourceTree = "<group>";
		};
		5AD4A3472BAE6B7800E2289A /* met_artTests */ = {
			isa = PBXGroup;
			children = (
				5AD4A3482BAE6B7800E2289A /* met_artTests.swift */,
			);
			path = met_artTests;
			sourceTree = "<group>";
		};
		5AD4A3682BAF57E800E2289A /* Views */ = {
			isa = PBXGroup;
			children = (
				5AD4A3362BAE6B7500E2289A /* ContentView.swift */,
				5AD4A35E2BAF445600E2289A /* ArtListView.swift */,
				5AD4A3662BAF57AB00E2289A /* AsyncImageView.swift */,
				5AD4A3382BAE6B7500E2289A /* ImmersiveView.swift */,
				5AD4A36B2BB12CA700E2289A /* HackerNewsView.swift */,
			);
			path = Views;
			sourceTree = "<group>";
		};
/* End PBXGroup section */

/* Begin PBXNativeTarget section */
		5AD4A32C2BAE6B7500E2289A /* met_art */ = {
			isa = PBXNativeTarget;
			buildConfigurationList = 5AD4A34C2BAE6B7800E2289A /* Build configuration list for PBXNativeTarget "met_art" */;
			buildPhases = (
				5AD4A3292BAE6B7500E2289A /* Sources */,
				5AD4A32A2BAE6B7500E2289A /* Frameworks */,
				5AD4A32B2BAE6B7500E2289A /* Resources */,
			);
			buildRules = (
			);
			dependencies = (
			);
			name = met_art;
			packageProductDependencies = (
				5AD4A3322BAE6B7500E2289A /* RealityKitContent */,
			);
			productName = met_art;
			productReference = 5AD4A32D2BAE6B7500E2289A /* met_art.app */;
			productType = "com.apple.product-type.application";
		};
		5AD4A3432BAE6B7800E2289A /* met_artTests */ = {
			isa = PBXNativeTarget;
			buildConfigurationList = 5AD4A34F2BAE6B7800E2289A /* Build configuration list for PBXNativeTarget "met_artTests" */;
			buildPhases = (
				5AD4A3402BAE6B7800E2289A /* Sources */,
				5AD4A3412BAE6B7800E2289A /* Frameworks */,
				5AD4A3422BAE6B7800E2289A /* Resources */,
			);
			buildRules = (
			);
			dependencies = (
				5AD4A3462BAE6B7800E2289A /* PBXTargetDependency */,
			);
			name = met_artTests;
			productName = met_artTests;
			productReference = 5AD4A3442BAE6B7800E2289A /* met_artTests.xctest */;
			productType = "com.apple.product-type.bundle.unit-test";
		};
/* End PBXNativeTarget section */

/* Begin PBXProject section */
		5AD4A3252BAE6B7500E2289A /* Project object */ = {
			isa = PBXProject;
			attributes = {
				BuildIndependentTargetsInParallel = 1;
				LastSwiftUpdateCheck = 1530;
				LastUpgradeCheck = 1530;
				TargetAttributes = {
					5AD4A32C2BAE6B7500E2289A = {
						CreatedOnToolsVersion = 15.3;
					};
					5AD4A3432BAE6B7800E2289A = {
						CreatedOnToolsVersion = 15.3;
						TestTargetID = 5AD4A32C2BAE6B7500E2289A;
					};
				};
			};
			buildConfigurationList = 5AD4A3282BAE6B7500E2289A /* Build configuration list for PBXProject "met_art" */;
			compatibilityVersion = "Xcode 14.0";
			developmentRegion = en;
			hasScannedForEncodings = 0;
			knownRegions = (
				en,
				Base,
			);
			mainGroup = 5AD4A3242BAE6B7500E2289A;
			productRefGroup = 5AD4A32E2BAE6B7500E2289A /* Products */;
			projectDirPath = "";
			projectRoot = "";
			targets = (
				5AD4A32C2BAE6B7500E2289A /* met_art */,
				5AD4A3432BAE6B7800E2289A /* met_artTests */,
			);
		};
/* End PBXProject section */

/* Begin PBXResourcesBuildPhase section */
		5AD4A32B2BAE6B7500E2289A /* Resources */ = {
			isa = PBXResourcesBuildPhase;
			buildActionMask = 2147483647;
			files = (
				5AD4A33E2BAE6B7800E2289A /* Preview Assets.xcassets in Resources */,
				5AD4A33B2BAE6B7800E2289A /* Assets.xcassets in Resources */,
				5AD4A3552BAE739800E2289A /* urls in Resources */,
				5AD4A3532BAE737200E2289A /* departments.json in Resources */,
			);
			runOnlyForDeploymentPostprocessing = 0;
		};
		5AD4A3422BAE6B7800E2289A /* Resources */ = {
			isa = PBXResourcesBuildPhase;
			buildActionMask = 2147483647;
			files = (
			);
			runOnlyForDeploymentPostprocessing = 0;
		};
/* End PBXResourcesBuildPhase section */

/* Begin PBXSourcesBuildPhase section */
		5AD4A3292BAE6B7500E2289A /* Sources */ = {
			isa = PBXSourcesBuildPhase;
			buildActionMask = 2147483647;
			files = (
				5AD4A3372BAE6B7500E2289A /* ContentView.swift in Sources */,
				5AD4A3652BAF527800E2289A /* Artwork.swift in Sources */,
				5AD4A3352BAE6B7500E2289A /* met_artApp.swift in Sources */,
				5AD4A36E2BB12CC800E2289A /* HackerNewsViewModel.swift in Sources */,
				5AD4A3612BAF4D2C00E2289A /* ArtListViewModel.swift in Sources */,
				5AD4A36C2BB12CA700E2289A /* HackerNewsView.swift in Sources */,
				5AD4A35F2BAF445600E2289A /* ArtListView.swift in Sources */,
				5AD4A35B2BAE867400E2289A /* DepartmentView.swift in Sources */,
				5AD4A3592BAE7A2F00E2289A /* Department.swift in Sources */,
				5AD4A3632BAF50A200E2289A /* ObjectList.swift in Sources */,
				5AD4A36A2BAF73B200E2289A /* MeasurementHelper.swift in Sources */,
				5AD4A3392BAE6B7500E2289A /* ImmersiveView.swift in Sources */,
				5AD4A35D2BAEA98D00E2289A /* DepartmentViewModel.swift in Sources */,
				5AD4A3672BAF57AB00E2289A /* AsyncImageView.swift in Sources */,
				5AD4A3722BB12D5A00E2289A /* API.swift in Sources */,
				5AD4A3702BB12D1500E2289A /* Story.swift in Sources */,
			);
			runOnlyForDeploymentPostprocessing = 0;
		};
		5AD4A3402BAE6B7800E2289A /* Sources */ = {
			isa = PBXSourcesBuildPhase;
			buildActionMask = 2147483647;
			files = (
				5AD4A3492BAE6B7800E2289A /* met_artTests.swift in Sources */,
			);
			runOnlyForDeploymentPostprocessing = 0;
		};
/* End PBXSourcesBuildPhase section */

/* Begin PBXTargetDependency section */
		5AD4A3462BAE6B7800E2289A /* PBXTargetDependency */ = {
			isa = PBXTargetDependency;
			target = 5AD4A32C2BAE6B7500E2289A /* met_art */;
			targetProxy = 5AD4A3452BAE6B7800E2289A /* PBXContainerItemProxy */;
		};
/* End PBXTargetDependency section */

/* Begin XCBuildConfiguration section */
		5AD4A34A2BAE6B7800E2289A /* Debug */ = {
			isa = XCBuildConfiguration;
			buildSettings = {
				ALWAYS_SEARCH_USER_PATHS = NO;
				ASSETCATALOG_COMPILER_GENERATE_SWIFT_ASSET_SYMBOL_EXTENSIONS = YES;
				CLANG_ANALYZER_NONNULL = YES;
				CLANG_ANALYZER_NUMBER_OBJECT_CONVERSION = YES_AGGRESSIVE;
				CLANG_CXX_LANGUAGE_STANDARD = "gnu++20";
				CLANG_ENABLE_MODULES = YES;
				CLANG_ENABLE_OBJC_ARC = YES;
				CLANG_ENABLE_OBJC_WEAK = YES;
				CLANG_WARN_BLOCK_CAPTURE_AUTORELEASING = YES;
				CLANG_WARN_BOOL_CONVERSION = YES;
				CLANG_WARN_COMMA = YES;
				CLANG_WARN_CONSTANT_CONVERSION = YES;
				CLANG_WARN_DEPRECATED_OBJC_IMPLEMENTATIONS = YES;
				CLANG_WARN_DIRECT_OBJC_ISA_USAGE = YES_ERROR;
				CLANG_WARN_DOCUMENTATION_COMMENTS = YES;
				CLANG_WARN_EMPTY_BODY = YES;
				CLANG_WARN_ENUM_CONVERSION = YES;
				CLANG_WARN_INFINITE_RECURSION = YES;
				CLANG_WARN_INT_CONVERSION = YES;
				CLANG_WARN_NON_LITERAL_NULL_CONVERSION = YES;
				CLANG_WARN_OBJC_IMPLICIT_RETAIN_SELF = YES;
				CLANG_WARN_OBJC_LITERAL_CONVERSION = YES;
				CLANG_WARN_OBJC_ROOT_CLASS = YES_ERROR;
				CLANG_WARN_QUOTED_INCLUDE_IN_FRAMEWORK_HEADER = YES;
				CLANG_WARN_RANGE_LOOP_ANALYSIS = YES;
				CLANG_WARN_STRICT_PROTOTYPES = YES;
				CLANG_WARN_SUSPICIOUS_MOVE = YES;
				CLANG_WARN_UNGUARDED_AVAILABILITY = YES_AGGRESSIVE;
				CLANG_WARN_UNREACHABLE_CODE = YES;
				CLANG_WARN__DUPLICATE_METHOD_MATCH = YES;
				COPY_PHASE_STRIP = NO;
				DEBUG_INFORMATION_FORMAT = dwarf;
				ENABLE_STRICT_OBJC_MSGSEND = YES;
				ENABLE_TESTABILITY = YES;
				ENABLE_USER_SCRIPT_SANDBOXING = YES;
				GCC_C_LANGUAGE_STANDARD = gnu17;
				GCC_DYNAMIC_NO_PIC = NO;
				GCC_NO_COMMON_BLOCKS = YES;
				GCC_OPTIMIZATION_LEVEL = 0;
				GCC_PREPROCESSOR_DEFINITIONS = (
					"DEBUG=1",
					"$(inherited)",
				);
				GCC_WARN_64_TO_32_BIT_CONVERSION = YES;
				GCC_WARN_ABOUT_RETURN_TYPE = YES_ERROR;
				GCC_WARN_UNDECLARED_SELECTOR = YES;
				GCC_WARN_UNINITIALIZED_AUTOS = YES_AGGRESSIVE;
				GCC_WARN_UNUSED_FUNCTION = YES;
				GCC_WARN_UNUSED_VARIABLE = YES;
				LOCALIZATION_PREFERS_STRING_CATALOGS = YES;
				MTL_ENABLE_DEBUG_INFO = INCLUDE_SOURCE;
				MTL_FAST_MATH = YES;
				ONLY_ACTIVE_ARCH = YES;
				SDKROOT = xros;
				SWIFT_ACTIVE_COMPILATION_CONDITIONS = "DEBUG $(inherited)";
				SWIFT_OPTIMIZATION_LEVEL = "-Onone";
				XROS_DEPLOYMENT_TARGET = 1.1;
			};
			name = Debug;
		};
		5AD4A34B2BAE6B7800E2289A /* Release */ = {
			isa = XCBuildConfiguration;
			buildSettings = {
				ALWAYS_SEARCH_USER_PATHS = NO;
				ASSETCATALOG_COMPILER_GENERATE_SWIFT_ASSET_SYMBOL_EXTENSIONS = YES;
				CLANG_ANALYZER_NONNULL = YES;
				CLANG_ANALYZER_NUMBER_OBJECT_CONVERSION = YES_AGGRESSIVE;
				CLANG_CXX_LANGUAGE_STANDARD = "gnu++20";
				CLANG_ENABLE_MODULES = YES;
				CLANG_ENABLE_OBJC_ARC = YES;
				CLANG_ENABLE_OBJC_WEAK = YES;
				CLANG_WARN_BLOCK_CAPTURE_AUTORELEASING = YES;
				CLANG_WARN_BOOL_CONVERSION = YES;
				CLANG_WARN_COMMA = YES;
				CLANG_WARN_CONSTANT_CONVERSION = YES;
				CLANG_WARN_DEPRECATED_OBJC_IMPLEMENTATIONS = YES;
				CLANG_WARN_DIRECT_OBJC_ISA_USAGE = YES_ERROR;
				CLANG_WARN_DOCUMENTATION_COMMENTS = YES;
				CLANG_WARN_EMPTY_BODY = YES;
				CLANG_WARN_ENUM_CONVERSION = YES;
				CLANG_WARN_INFINITE_RECURSION = YES;
				CLANG_WARN_INT_CONVERSION = YES;
				CLANG_WARN_NON_LITERAL_NULL_CONVERSION = YES;
				CLANG_WARN_OBJC_IMPLICIT_RETAIN_SELF = YES;
				CLANG_WARN_OBJC_LITERAL_CONVERSION = YES;
				CLANG_WARN_OBJC_ROOT_CLASS = YES_ERROR;
				CLANG_WARN_QUOTED_INCLUDE_IN_FRAMEWORK_HEADER = YES;
				CLANG_WARN_RANGE_LOOP_ANALYSIS = YES;
				CLANG_WARN_STRICT_PROTOTYPES = YES;
				CLANG_WARN_SUSPICIOUS_MOVE = YES;
				CLANG_WARN_UNGUARDED_AVAILABILITY = YES_AGGRESSIVE;
				CLANG_WARN_UNREACHABLE_CODE = YES;
				CLANG_WARN__DUPLICATE_METHOD_MATCH = YES;
				COPY_PHASE_STRIP = NO;
				DEBUG_INFORMATION_FORMAT = "dwarf-with-dsym";
				ENABLE_NS_ASSERTIONS = NO;
				ENABLE_STRICT_OBJC_MSGSEND = YES;
				ENABLE_USER_SCRIPT_SANDBOXING = YES;
				GCC_C_LANGUAGE_STANDARD = gnu17;
				GCC_NO_COMMON_BLOCKS = YES;
				GCC_WARN_64_TO_32_BIT_CONVERSION = YES;
				GCC_WARN_ABOUT_RETURN_TYPE = YES_ERROR;
				GCC_WARN_UNDECLARED_SELECTOR = YES;
				GCC_WARN_UNINITIALIZED_AUTOS = YES_AGGRESSIVE;
				GCC_WARN_UNUSED_FUNCTION = YES;
				GCC_WARN_UNUSED_VARIABLE = YES;
				LOCALIZATION_PREFERS_STRING_CATALOGS = YES;
				MTL_ENABLE_DEBUG_INFO = NO;
				MTL_FAST_MATH = YES;
				SDKROOT = xros;
				SWIFT_COMPILATION_MODE = wholemodule;
				VALIDATE_PRODUCT = YES;
				XROS_DEPLOYMENT_TARGET = 1.1;
			};
			name = Release;
		};
		5AD4A34D2BAE6B7800E2289A /* Debug */ = {
			isa = XCBuildConfiguration;
			buildSettings = {
				ASSETCATALOG_COMPILER_APPICON_NAME = AppIcon;
				ASSETCATALOG_COMPILER_GLOBAL_ACCENT_COLOR_NAME = AccentColor;
				CODE_SIGN_STYLE = Automatic;
				CURRENT_PROJECT_VERSION = 1;
				DEVELOPMENT_ASSET_PATHS = "\"met_art/Preview Content\"";
				DEVELOPMENT_TEAM = 35XWJ6BAZW;
				ENABLE_PREVIEWS = YES;
				GENERATE_INFOPLIST_FILE = YES;
				INFOPLIST_FILE = "$(TARGET_NAME)/Info.plist";
				LD_RUNPATH_SEARCH_PATHS = (
					"$(inherited)",
					"@executable_path/Frameworks",
				);
				MARKETING_VERSION = 1.0;
				PRODUCT_BUNDLE_IDENTIFIER = "com.rockarts.met-art";
				PRODUCT_NAME = "$(TARGET_NAME)";
				SUPPORTED_PLATFORMS = "xros xrsimulator";
				SWIFT_EMIT_LOC_STRINGS = YES;
				SWIFT_VERSION = 5.0;
				TARGETED_DEVICE_FAMILY = "1,2,7";
			};
			name = Debug;
		};
		5AD4A34E2BAE6B7800E2289A /* Release */ = {
			isa = XCBuildConfiguration;
			buildSettings = {
				ASSETCATALOG_COMPILER_APPICON_NAME = AppIcon;
				ASSETCATALOG_COMPILER_GLOBAL_ACCENT_COLOR_NAME = AccentColor;
				CODE_SIGN_STYLE = Automatic;
				CURRENT_PROJECT_VERSION = 1;
				DEVELOPMENT_ASSET_PATHS = "\"met_art/Preview Content\"";
				DEVELOPMENT_TEAM = 35XWJ6BAZW;
				ENABLE_PREVIEWS = YES;
				GENERATE_INFOPLIST_FILE = YES;
				INFOPLIST_FILE = "$(TARGET_NAME)/Info.plist";
				LD_RUNPATH_SEARCH_PATHS = (
					"$(inherited)",
					"@executable_path/Frameworks",
				);
				MARKETING_VERSION = 1.0;
				PRODUCT_BUNDLE_IDENTIFIER = "com.rockarts.met-art";
				PRODUCT_NAME = "$(TARGET_NAME)";
				SUPPORTED_PLATFORMS = "xros xrsimulator";
				SWIFT_EMIT_LOC_STRINGS = YES;
				SWIFT_VERSION = 5.0;
				TARGETED_DEVICE_FAMILY = "1,2,7";
			};
			name = Release;
		};
		5AD4A3502BAE6B7800E2289A /* Debug */ = {
			isa = XCBuildConfiguration;
			buildSettings = {
				ALWAYS_EMBED_SWIFT_STANDARD_LIBRARIES = YES;
				BUNDLE_LOADER = "$(TEST_HOST)";
				CODE_SIGN_STYLE = Automatic;
				CURRENT_PROJECT_VERSION = 1;
				DEVELOPMENT_TEAM = 35XWJ6BAZW;
				GENERATE_INFOPLIST_FILE = YES;
				MARKETING_VERSION = 1.0;
				PRODUCT_BUNDLE_IDENTIFIER = "com.rockarts.met-artTests";
				PRODUCT_NAME = "$(TARGET_NAME)";
				SUPPORTED_PLATFORMS = "xros xrsimulator";
				SWIFT_EMIT_LOC_STRINGS = NO;
				SWIFT_VERSION = 5.0;
				TARGETED_DEVICE_FAMILY = "1,2,7";
				TEST_HOST = "$(BUILT_PRODUCTS_DIR)/met_art.app/$(BUNDLE_EXECUTABLE_FOLDER_PATH)/met_art";
				XROS_DEPLOYMENT_TARGET = 1.1;
			};
			name = Debug;
		};
		5AD4A3512BAE6B7800E2289A /* Release */ = {
			isa = XCBuildConfiguration;
			buildSettings = {
				ALWAYS_EMBED_SWIFT_STANDARD_LIBRARIES = YES;
				BUNDLE_LOADER = "$(TEST_HOST)";
				CODE_SIGN_STYLE = Automatic;
				CURRENT_PROJECT_VERSION = 1;
				DEVELOPMENT_TEAM = 35XWJ6BAZW;
				GENERATE_INFOPLIST_FILE = YES;
				MARKETING_VERSION = 1.0;
				PRODUCT_BUNDLE_IDENTIFIER = "com.rockarts.met-artTests";
				PRODUCT_NAME = "$(TARGET_NAME)";
				SUPPORTED_PLATFORMS = "xros xrsimulator";
				SWIFT_EMIT_LOC_STRINGS = NO;
				SWIFT_VERSION = 5.0;
				TARGETED_DEVICE_FAMILY = "1,2,7";
				TEST_HOST = "$(BUILT_PRODUCTS_DIR)/met_art.app/$(BUNDLE_EXECUTABLE_FOLDER_PATH)/met_art";
				XROS_DEPLOYMENT_TARGET = 1.1;
			};
			name = Release;
		};
/* End XCBuildConfiguration section */

/* Begin XCConfigurationList section */
		5AD4A3282BAE6B7500E2289A /* Build configuration list for PBXProject "met_art" */ = {
			isa = XCConfigurationList;
			buildConfigurations = (
				5AD4A34A2BAE6B7800E2289A /* Debug */,
				5AD4A34B2BAE6B7800E2289A /* Release */,
			);
			defaultConfigurationIsVisible = 0;
			defaultConfigurationName = Release;
		};
		5AD4A34C2BAE6B7800E2289A /* Build configuration list for PBXNativeTarget "met_art" */ = {
			isa = XCConfigurationList;
			buildConfigurations = (
				5AD4A34D2BAE6B7800E2289A /* Debug */,
				5AD4A34E2BAE6B7800E2289A /* Release */,
			);
			defaultConfigurationIsVisible = 0;
			defaultConfigurationName = Release;
		};
		5AD4A34F2BAE6B7800E2289A /* Build configuration list for PBXNativeTarget "met_artTests" */ = {
			isa = XCConfigurationList;
			buildConfigurations = (
				5AD4A3502BAE6B7800E2289A /* Debug */,
				5AD4A3512BAE6B7800E2289A /* Release */,
			);
			defaultConfigurationIsVisible = 0;
			defaultConfigurationName = Release;
		};
/* End XCConfigurationList section */

/* Begin XCSwiftPackageProductDependency section */
		5AD4A3322BAE6B7500E2289A /* RealityKitContent */ = {
			isa = XCSwiftPackageProductDependency;
			productName = RealityKitContent;
		};
/* End XCSwiftPackageProductDependency section */
	};
	rootObject = 5AD4A3252BAE6B7500E2289A /* Project object */;
}
